
Microsoft Visual Studio Solution File, Format Version 12.00
# Visual Studio Version 16
VisualStudioVersion = 16.0.32602.291
MinimumVisualStudioVersion = 10.0.40219.1
Project("{FAE04EC0-301F-11D3-BF4B-00C04F79EFBC}") = "Template_Angular", "Template_Angular\Template_Angular.csproj", "{F5CAEE2F-EA4C-4DCF-83DD-342450610DC6}"
EndProject
Global
	GlobalSection(SolutionConfigurationPlatforms) = preSolution
		Debug|Any CPU = Debug|Any CPU
		Release|Any CPU = Release|Any CPU
	EndGlobalSection
	GlobalSection(ProjectConfigurationPlatforms) = postSolution
		{F5CAEE2F-EA4C-4DCF-83DD-342450610DC6}.Debug|Any CPU.ActiveCfg = Debug|Any CPU
		{F5CAEE2F-EA4C-4DCF-83DD-342450610DC6}.Debug|Any CPU.Build.0 = Debug|Any CPU
		{F5CAEE2F-EA4C-4DCF-83DD-342450610DC6}.Release|Any CPU.ActiveCfg = Release|Any CPU
		{F5CAEE2F-EA4C-4DCF-83DD-342450610DC6}.Release|Any CPU.Build.0 = Release|Any CPU
	EndGlobalSection
	GlobalSection(SolutionProperties) = preSolution
		HideSolutionNode = FALSE
	EndGlobalSection
	GlobalSection(ExtensibilityGlobals) = postSolution
		SolutionGuid = {BBE63E2C-7891-4568-9820-66A64559CB98}
	EndGlobalSection
EndGlobal
